// !$*UTF8*$!
{
	archiveVersion = 1;
	classes = {
	};
	objectVersion = 77;
	objects = {

/* Begin PBXContainerItemProxy section */
		3C47E1552D931466008041D9 /* PBXContainerItemProxy */ = {
			isa = PBXContainerItemProxy;
			containerPortal = 3C47E13C2D931463008041D9 /* Project object */;
			proxyType = 1;
			remoteGlobalIDString = 3C47E1432D931463008041D9;
			remoteInfo = GameKitSolitaire;
		};
		3C47E15F2D931466008041D9 /* PBXContainerItemProxy */ = {
			isa = PBXContainerItemProxy;
			containerPortal = 3C47E13C2D931463008041D9 /* Project object */;
			proxyType = 1;
			remoteGlobalIDString = 3C47E1432D931463008041D9;
			remoteInfo = GameKitSolitaire;
		};
/* End PBXContainerItemProxy section */

/* Begin PBXFileReference section */
		3C47E1442D931463008041D9 /* GameKitSolitaire.app */ = {isa = PBXFileReference; explicitFileType = wrapper.application; includeInIndex = 0; path = GameKitSolitaire.app; sourceTree = BUILT_PRODUCTS_DIR; };
		3C47E1542D931466008041D9 /* GameKitSolitaireTests.xctest */ = {isa = PBXFileReference; explicitFileType = wrapper.cfbundle; includeInIndex = 0; path = GameKitSolitaireTests.xctest; sourceTree = BUILT_PRODUCTS_DIR; };
		3C47E15E2D931466008041D9 /* GameKitSolitaireUITests.xctest */ = {isa = PBXFileReference; explicitFileType = wrapper.cfbundle; includeInIndex = 0; path = GameKitSolitaireUITests.xctest; sourceTree = BUILT_PRODUCTS_DIR; };
/* End PBXFileReference section */

/* Begin PBXFileSystemSynchronizedRootGroup section */
		3C47E1462D931463008041D9 /* GameKitSolitaire */ = {
			isa = PBXFileSystemSynchronizedRootGroup;
			path = GameKitSolitaire;
			sourceTree = "<group>";
		};
		3C47E1572D931466008041D9 /* GameKitSolitaireTests */ = {
			isa = PBXFileSystemSynchronizedRootGroup;
			path = GameKitSolitaireTests;
			sourceTree = "<group>";
		};
		3C47E1612D931466008041D9 /* GameKitSolitaireUITests */ = {
			isa = PBXFileSystemSynchronizedRootGroup;
			path = GameKitSolitaireUITests;
			sourceTree = "<group>";
		};
/* End PBXFileSystemSynchronizedRootGroup section */

/* Begin PBXFrameworksBuildPhase section */
		3C47E1412D931463008041D9 /* Frameworks */ = {
			isa = PBXFrameworksBuildPhase;
			buildActionMask = 2147483647;
			files = (
			);
			runOnlyForDeploymentPostprocessing = 0;
		};
		3C47E1512D931466008041D9 /* Frameworks */ = {
			isa = PBXFrameworksBuildPhase;
			buildActionMask = 2147483647;
			files = (
			);
			runOnlyForDeploymentPostprocessing = 0;
		};
		3C47E15B2D931466008041D9 /* Frameworks */ = {
			isa = PBXFrameworksBuildPhase;
			buildActionMask = 2147483647;
			files = (
			);
			runOnlyForDeploymentPostprocessing = 0;
		};
/* End PBXFrameworksBuildPhase section */

/* Begin PBXGroup section */
		3C47E13B2D931463008041D9 = {
			isa = PBXGroup;
			children = (
				3C47E1462D931463008041D9 /* GameKitSolitaire */,
				3C47E1572D931466008041D9 /* GameKitSolitaireTests */,
				3C47E1612D931466008041D9 /* GameKitSolitaireUITests */,
				3C47E1452D931463008041D9 /* Products */,
			);
			sourceTree = "<group>";
		};
		3C47E1452D931463008041D9 /* Products */ = {
			isa = PBXGroup;
			children = (
				3C47E1442D931463008041D9 /* GameKitSolitaire.app */,
				3C47E1542D931466008041D9 /* GameKitSolitaireTests.xctest */,
				3C47E15E2D931466008041D9 /* GameKitSolitaireUITests.xctest */,
			);
			name = Products;
			sourceTree = "<group>";
		};
/* End PBXGroup section */

/* Begin PBXNativeTarget section */
		3C47E1432D931463008041D9 /* GameKitSolitaire */ = {
			isa = PBXNativeTarget;
			buildConfigurationList = 3C47E1682D931466008041D9 /* Build configuration list for PBXNativeTarget "GameKitSolitaire" */;
			buildPhases = (
				3C47E1402D931463008041D9 /* Sources */,
				3C47E1412D931463008041D9 /* Frameworks */,
				3C47E1422D931463008041D9 /* Resources */,
			);
			buildRules = (
			);
			dependencies = (
			);
			fileSystemSynchronizedGroups = (
				3C47E1462D931463008041D9 /* GameKitSolitaire */,
			);
			name = GameKitSolitaire;
			packageProductDependencies = (
			);
			productName = GameKitSolitaire;
			productReference = 3C47E1442D931463008041D9 /* GameKitSolitaire.app */;
			productType = "com.apple.product-type.application";
		};
		3C47E1532D931466008041D9 /* GameKitSolitaireTests */ = {
			isa = PBXNativeTarget;
			buildConfigurationList = 3C47E16B2D931466008041D9 /* Build configuration list for PBXNativeTarget "GameKitSolitaireTests" */;
			buildPhases = (
				3C47E1502D931466008041D9 /* Sources */,
				3C47E1512D931466008041D9 /* Frameworks */,
				3C47E1522D931466008041D9 /* Resources */,
			);
			buildRules = (
			);
			dependencies = (
				3C47E1562D931466008041D9 /* PBXTargetDependency */,
			);
			fileSystemSynchronizedGroups = (
				3C47E1572D931466008041D9 /* GameKitSolitaireTests */,
			);
			name = GameKitSolitaireTests;
			packageProductDependencies = (
			);
			productName = GameKitSolitaireTests;
			productReference = 3C47E1542D931466008041D9 /* GameKitSolitaireTests.xctest */;
			productType = "com.apple.product-type.bundle.unit-test";
		};
		3C47E15D2D931466008041D9 /* GameKitSolitaireUITests */ = {
			isa = PBXNativeTarget;
			buildConfigurationList = 3C47E16E2D931466008041D9 /* Build configuration list for PBXNativeTarget "GameKitSolitaireUITests" */;
			buildPhases = (
				3C47E15A2D931466008041D9 /* Sources */,
				3C47E15B2D931466008041D9 /* Frameworks */,
				3C47E15C2D931466008041D9 /* Resources */,
			);
			buildRules = (
			);
			dependencies = (
				3C47E1602D931466008041D9 /* PBXTargetDependency */,
			);
			fileSystemSynchronizedGroups = (
				3C47E1612D931466008041D9 /* GameKitSolitaireUITests */,
			);
			name = GameKitSolitaireUITests;
			packageProductDependencies = (
			);
			productName = GameKitSolitaireUITests;
			productReference = 3C47E15E2D931466008041D9 /* GameKitSolitaireUITests.xctest */;
			productType = "com.apple.product-type.bundle.ui-testing";
		};
/* End PBXNativeTarget section */

/* Begin PBXProject section */
		3C47E13C2D931463008041D9 /* Project object */ = {
			isa = PBXProject;
			attributes = {
				BuildIndependentTargetsInParallel = 1;
				LastSwiftUpdateCheck = 1620;
				LastUpgradeCheck = 1620;
				TargetAttributes = {
					3C47E1432D931463008041D9 = {
						CreatedOnToolsVersion = 16.2;
					};
					3C47E1532D931466008041D9 = {
						CreatedOnToolsVersion = 16.2;
						TestTargetID = 3C47E1432D931463008041D9;
					};
					3C47E15D2D931466008041D9 = {
						CreatedOnToolsVersion = 16.2;
						TestTargetID = 3C47E1432D931463008041D9;
					};
				};
			};
			buildConfigurationList = 3C47E13F2D931463008041D9 /* Build configuration list for PBXProject "GameKitSolitaire" */;
			developmentRegion = en;
			hasScannedForEncodings = 0;
			knownRegions = (
				en,
				Base,
			);
			mainGroup = 3C47E13B2D931463008041D9;
			minimizedProjectReferenceProxies = 1;
			preferredProjectObjectVersion = 77;
			productRefGroup = 3C47E1452D931463008041D9 /* Products */;
			projectDirPath = "";
			projectRoot = "";
			targets = (
				3C47E1432D931463008041D9 /* GameKitSolitaire */,
				3C47E1532D931466008041D9 /* GameKitSolitaireTests */,
				3C47E15D2D931466008041D9 /* GameKitSolitaireUITests */,
			);
		};
/* End PBXProject section */

/* Begin PBXResourcesBuildPhase section */
		3C47E1422D931463008041D9 /* Resources */ = {
			isa = PBXResourcesBuildPhase;
			buildActionMask = 2147483647;
			files = (
			);
			runOnlyForDeploymentPostprocessing = 0;
		};
		3C47E1522D931466008041D9 /* Resources */ = {
			isa = PBXResourcesBuildPhase;
			buildActionMask = 2147483647;
			files = (
			);
			runOnlyForDeploymentPostprocessing = 0;
		};
		3C47E15C2D931466008041D9 /* Resources */ = {
			isa = PBXResourcesBuildPhase;
			buildActionMask = 2147483647;
			files = (
			);
			runOnlyForDeploymentPostprocessing = 0;
		};
/* End PBXResourcesBuildPhase section */

/* Begin PBXSourcesBuildPhase section */
		3C47E1402D931463008041D9 /* Sources */ = {
			isa = PBXSourcesBuildPhase;
			buildActionMask = 2147483647;
			files = (
			);
			runOnlyForDeploymentPostprocessing = 0;
		};
		3C47E1502D931466008041D9 /* Sources */ = {
			isa = PBXSourcesBuildPhase;
			buildActionMask = 2147483647;
			files = (
			);
			runOnlyForDeploymentPostprocessing = 0;
		};
		3C47E15A2D931466008041D9 /* Sources */ = {
			isa = PBXSourcesBuildPhase;
			buildActionMask = 2147483647;
			files = (
			);
			runOnlyForDeploymentPostprocessing = 0;
		};
/* End PBXSourcesBuildPhase section */

/* Begin PBXTargetDependency section */
		3C47E1562D931466008041D9 /* PBXTargetDependency */ = {
			isa = PBXTargetDependency;
			target = 3C47E1432D931463008041D9 /* GameKitSolitaire */;
			targetProxy = 3C47E1552D931466008041D9 /* PBXContainerItemProxy */;
		};
		3C47E1602D931466008041D9 /* PBXTargetDependency */ = {
			isa = PBXTargetDependency;
			target = 3C47E1432D931463008041D9 /* GameKitSolitaire */;
			targetProxy = 3C47E15F2D931466008041D9 /* PBXContainerItemProxy */;
		};
/* End PBXTargetDependency section */

/* Begin XCBuildConfiguration section */
		3C47E1662D931466008041D9 /* Debug */ = {
			isa = XCBuildConfiguration;
			buildSettings = {
				ALWAYS_SEARCH_USER_PATHS = NO;
				ASSETCATALOG_COMPILER_GENERATE_SWIFT_ASSET_SYMBOL_EXTENSIONS = YES;
				CLANG_ANALYZER_NONNULL = YES;
				CLANG_ANALYZER_NUMBER_OBJECT_CONVERSION = YES_AGGRESSIVE;
				CLANG_CXX_LANGUAGE_STANDARD = "gnu++20";
				CLANG_ENABLE_MODULES = YES;
				CLANG_ENABLE_OBJC_ARC = YES;
				CLANG_ENABLE_OBJC_WEAK = YES;
				CLANG_WARN_BLOCK_CAPTURE_AUTORELEASING = YES;
				CLANG_WARN_BOOL_CONVERSION = YES;
				CLANG_WARN_COMMA = YES;
				CLANG_WARN_CONSTANT_CONVERSION = YES;
				CLANG_WARN_DEPRECATED_OBJC_IMPLEMENTATIONS = YES;
				CLANG_WARN_DIRECT_OBJC_ISA_USAGE = YES_ERROR;
				CLANG_WARN_DOCUMENTATION_COMMENTS = YES;
				CLANG_WARN_EMPTY_BODY = YES;
				CLANG_WARN_ENUM_CONVERSION = YES;
				CLANG_WARN_INFINITE_RECURSION = YES;
				CLANG_WARN_INT_CONVERSION = YES;
				CLANG_WARN_NON_LITERAL_NULL_CONVERSION = YES;
				CLANG_WARN_OBJC_IMPLICIT_RETAIN_SELF = YES;
				CLANG_WARN_OBJC_LITERAL_CONVERSION = YES;
				CLANG_WARN_OBJC_ROOT_CLASS = YES_ERROR;
				CLANG_WARN_QUOTED_INCLUDE_IN_FRAMEWORK_HEADER = YES;
				CLANG_WARN_RANGE_LOOP_ANALYSIS = YES;
				CLANG_WARN_STRICT_PROTOTYPES = YES;
				CLANG_WARN_SUSPICIOUS_MOVE = YES;
				CLANG_WARN_UNGUARDED_AVAILABILITY = YES_AGGRESSIVE;
				CLANG_WARN_UNREACHABLE_CODE = YES;
				CLANG_WARN__DUPLICATE_METHOD_MATCH = YES;
				COPY_PHASE_STRIP = NO;
				DEBUG_INFORMATION_FORMAT = dwarf;
				ENABLE_STRICT_OBJC_MSGSEND = YES;
				ENABLE_TESTABILITY = YES;
				ENABLE_USER_SCRIPT_SANDBOXING = YES;
				GCC_C_LANGUAGE_STANDARD = gnu17;
				GCC_DYNAMIC_NO_PIC = NO;
				GCC_NO_COMMON_BLOCKS = YES;
				GCC_OPTIMIZATION_LEVEL = 0;
				GCC_PREPROCESSOR_DEFINITIONS = (
					"DEBUG=1",
					"$(inherited)",
				);
				GCC_WARN_64_TO_32_BIT_CONVERSION = YES;
				GCC_WARN_ABOUT_RETURN_TYPE = YES_ERROR;
				GCC_WARN_UNDECLARED_SELECTOR = YES;
				GCC_WARN_UNINITIALIZED_AUTOS = YES_AGGRESSIVE;
				GCC_WARN_UNUSED_FUNCTION = YES;
				GCC_WARN_UNUSED_VARIABLE = YES;
				IPHONEOS_DEPLOYMENT_TARGET = 18.2;
				LOCALIZATION_PREFERS_STRING_CATALOGS = YES;
				MTL_ENABLE_DEBUG_INFO = INCLUDE_SOURCE;
				MTL_FAST_MATH = YES;
				ONLY_ACTIVE_ARCH = YES;
				SDKROOT = iphoneos;
				SWIFT_ACTIVE_COMPILATION_CONDITIONS = "DEBUG $(inherited)";
				SWIFT_OPTIMIZATION_LEVEL = "-Onone";
			};
			name = Debug;
		};
		3C47E1672D931466008041D9 /* Release */ = {
			isa = XCBuildConfiguration;
			buildSettings = {
				ALWAYS_SEARCH_USER_PATHS = NO;
				ASSETCATALOG_COMPILER_GENERATE_SWIFT_ASSET_SYMBOL_EXTENSIONS = YES;
				CLANG_ANALYZER_NONNULL = YES;
				CLANG_ANALYZER_NUMBER_OBJECT_CONVERSION = YES_AGGRESSIVE;
				CLANG_CXX_LANGUAGE_STANDARD = "gnu++20";
				CLANG_ENABLE_MODULES = YES;
				CLANG_ENABLE_OBJC_ARC = YES;
				CLANG_ENABLE_OBJC_WEAK = YES;
				CLANG_WARN_BLOCK_CAPTURE_AUTORELEASING = YES;
				CLANG_WARN_BOOL_CONVERSION = YES;
				CLANG_WARN_COMMA = YES;
				CLANG_WARN_CONSTANT_CONVERSION = YES;
				CLANG_WARN_DEPRECATED_OBJC_IMPLEMENTATIONS = YES;
				CLANG_WARN_DIRECT_OBJC_ISA_USAGE = YES_ERROR;
				CLANG_WARN_DOCUMENTATION_COMMENTS = YES;
				CLANG_WARN_EMPTY_BODY = YES;
				CLANG_WARN_ENUM_CONVERSION = YES;
				CLANG_WARN_INFINITE_RECURSION = YES;
				CLANG_WARN_INT_CONVERSION = YES;
				CLANG_WARN_NON_LITERAL_NULL_CONVERSION = YES;
				CLANG_WARN_OBJC_IMPLICIT_RETAIN_SELF = YES;
				CLANG_WARN_OBJC_LITERAL_CONVERSION = YES;
				CLANG_WARN_OBJC_ROOT_CLASS = YES_ERROR;
				CLANG_WARN_QUOTED_INCLUDE_IN_FRAMEWORK_HEADER = YES;
				CLANG_WARN_RANGE_LOOP_ANALYSIS = YES;
				CLANG_WARN_STRICT_PROTOTYPES = YES;
				CLANG_WARN_SUSPICIOUS_MOVE = YES;
				CLANG_WARN_UNGUARDED_AVAILABILITY = YES_AGGRESSIVE;
				CLANG_WARN_UNREACHABLE_CODE = YES;
				CLANG_WARN__DUPLICATE_METHOD_MATCH = YES;
				COPY_PHASE_STRIP = NO;
				DEBUG_INFORMATION_FORMAT = "dwarf-with-dsym";
				ENABLE_NS_ASSERTIONS = NO;
				ENABLE_STRICT_OBJC_MSGSEND = YES;
				ENABLE_USER_SCRIPT_SANDBOXING = YES;
				GCC_C_LANGUAGE_STANDARD = gnu17;
				GCC_NO_COMMON_BLOCKS = YES;
				GCC_WARN_64_TO_32_BIT_CONVERSION = YES;
				GCC_WARN_ABOUT_RETURN_TYPE = YES_ERROR;
				GCC_WARN_UNDECLARED_SELECTOR = YES;
				GCC_WARN_UNINITIALIZED_AUTOS = YES_AGGRESSIVE;
				GCC_WARN_UNUSED_FUNCTION = YES;
				GCC_WARN_UNUSED_VARIABLE = YES;
				IPHONEOS_DEPLOYMENT_TARGET = 18.2;
				LOCALIZATION_PREFERS_STRING_CATALOGS = YES;
				MTL_ENABLE_DEBUG_INFO = NO;
				MTL_FAST_MATH = YES;
				SDKROOT = iphoneos;
				SWIFT_COMPILATION_MODE = wholemodule;
				VALIDATE_PRODUCT = YES;
			};
			name = Release;
		};
		3C47E1692D931466008041D9 /* Debug */ = {
			isa = XCBuildConfiguration;
			buildSettings = {
				ASSETCATALOG_COMPILER_APPICON_NAME = AppIcon;
				ASSETCATALOG_COMPILER_GLOBAL_ACCENT_COLOR_NAME = AccentColor;
				CODE_SIGN_ENTITLEMENTS = GameKitSolitaire/GameKitSolitaire.entitlements;
				CODE_SIGN_IDENTITY = "Apple Development";
				CODE_SIGN_STYLE = Automatic;
				CURRENT_PROJECT_VERSION = 1;
				DEVELOPMENT_ASSET_PATHS = "\"GameKitSolitaire/Preview Content\"";
				DEVELOPMENT_TEAM = "";
				ENABLE_PREVIEWS = YES;
				GENERATE_INFOPLIST_FILE = YES;
				INFOPLIST_KEY_UIApplicationSceneManifest_Generation = YES;
				INFOPLIST_KEY_UIApplicationSupportsIndirectInputEvents = YES;
				INFOPLIST_KEY_UILaunchScreen_Generation = YES;
				INFOPLIST_KEY_UISupportedInterfaceOrientations = "UIInterfaceOrientationPortrait UIInterfaceOrientationPortraitUpsideDown";
				LD_RUNPATH_SEARCH_PATHS = (
					"$(inherited)",
					"@executable_path/Frameworks",
				);
				MARKETING_VERSION = 1.0;
				PRODUCT_BUNDLE_IDENTIFIER = gvsu.GameKitSolitaire;
				PRODUCT_NAME = "$(TARGET_NAME)";
				PROVISIONING_PROFILE_SPECIFIER = "";
				SWIFT_EMIT_LOC_STRINGS = YES;
				SWIFT_VERSION = 5.0;
				TARGETED_DEVICE_FAMILY = "1,2";
			};
			name = Debug;
		};
		3C47E16A2D931466008041D9 /* Release */ = {
			isa = XCBuildConfiguration;
			buildSettings = {
				ASSETCATALOG_COMPILER_APPICON_NAME = AppIcon;
				ASSETCATALOG_COMPILER_GLOBAL_ACCENT_COLOR_NAME = AccentColor;
				CODE_SIGN_ENTITLEMENTS = GameKitSolitaire/GameKitSolitaire.entitlements;
				CODE_SIGN_IDENTITY = "Apple Development";
				CODE_SIGN_STYLE = Automatic;
				CURRENT_PROJECT_VERSION = 1;
				DEVELOPMENT_ASSET_PATHS = "\"GameKitSolitaire/Preview Content\"";
				DEVELOPMENT_TEAM = "";
				ENABLE_PREVIEWS = YES;
				GENERATE_INFOPLIST_FILE = YES;
				INFOPLIST_KEY_UIApplicationSceneManifest_Generation = YES;
				INFOPLIST_KEY_UIApplicationSupportsIndirectInputEvents = YES;
				INFOPLIST_KEY_UILaunchScreen_Generation = YES;
				INFOPLIST_KEY_UISupportedInterfaceOrientations = "UIInterfaceOrientationPortrait UIInterfaceOrientationPortraitUpsideDown";
				LD_RUNPATH_SEARCH_PATHS = (
					"$(inherited)",
					"@executable_path/Frameworks",
				);
				MARKETING_VERSION = 1.0;
				PRODUCT_BUNDLE_IDENTIFIER = gvsu.GameKitSolitaire;
				PRODUCT_NAME = "$(TARGET_NAME)";
				PROVISIONING_PROFILE_SPECIFIER = "";
				SWIFT_EMIT_LOC_STRINGS = YES;
				SWIFT_VERSION = 5.0;
				TARGETED_DEVICE_FAMILY = "1,2";
			};
			name = Release;
		};
		3C47E16C2D931466008041D9 /* Debug */ = {
			isa = XCBuildConfiguration;
			buildSettings = {
				BUNDLE_LOADER = "$(TEST_HOST)";
				CODE_SIGN_STYLE = Automatic;
				CURRENT_PROJECT_VERSION = 1;
				GENERATE_INFOPLIST_FILE = YES;
				IPHONEOS_DEPLOYMENT_TARGET = 18.2;
				MARKETING_VERSION = 1.0;
				PRODUCT_BUNDLE_IDENTIFIER = gvsu.GameKitSolitaireTests;
				PRODUCT_NAME = "$(TARGET_NAME)";
				SWIFT_EMIT_LOC_STRINGS = NO;
				SWIFT_VERSION = 5.0;
				TARGETED_DEVICE_FAMILY = "1,2";
				TEST_HOST = "$(BUILT_PRODUCTS_DIR)/GameKitSolitaire.app/$(BUNDLE_EXECUTABLE_FOLDER_PATH)/GameKitSolitaire";
			};
			name = Debug;
		};
		3C47E16D2D931466008041D9 /* Release */ = {
			isa = XCBuildConfiguration;
			buildSettings = {
				BUNDLE_LOADER = "$(TEST_HOST)";
				CODE_SIGN_STYLE = Automatic;
				CURRENT_PROJECT_VERSION = 1;
				GENERATE_INFOPLIST_FILE = YES;
				IPHONEOS_DEPLOYMENT_TARGET = 18.2;
				MARKETING_VERSION = 1.0;
				PRODUCT_BUNDLE_IDENTIFIER = gvsu.GameKitSolitaireTests;
				PRODUCT_NAME = "$(TARGET_NAME)";
				SWIFT_EMIT_LOC_STRINGS = NO;
				SWIFT_VERSION = 5.0;
				TARGETED_DEVICE_FAMILY = "1,2";
				TEST_HOST = "$(BUILT_PRODUCTS_DIR)/GameKitSolitaire.app/$(BUNDLE_EXECUTABLE_FOLDER_PATH)/GameKitSolitaire";
			};
			name = Release;
		};
		3C47E16F2D931466008041D9 /* Debug */ = {
			isa = XCBuildConfiguration;
			buildSettings = {
				CODE_SIGN_STYLE = Automatic;
				CURRENT_PROJECT_VERSION = 1;
				GENERATE_INFOPLIST_FILE = YES;
				MARKETING_VERSION = 1.0;
				PRODUCT_BUNDLE_IDENTIFIER = gvsu.GameKitSolitaireUITests;
				PRODUCT_NAME = "$(TARGET_NAME)";
				SWIFT_EMIT_LOC_STRINGS = NO;
				SWIFT_VERSION = 5.0;
				TARGETED_DEVICE_FAMILY = "1,2";
				TEST_TARGET_NAME = GameKitSolitaire;
			};
			name = Debug;
		};
		3C47E1702D931466008041D9 /* Release */ = {
			isa = XCBuildConfiguration;
			buildSettings = {
				CODE_SIGN_STYLE = Automatic;
				CURRENT_PROJECT_VERSION = 1;
				GENERATE_INFOPLIST_FILE = YES;
				MARKETING_VERSION = 1.0;
				PRODUCT_BUNDLE_IDENTIFIER = gvsu.GameKitSolitaireUITests;
				PRODUCT_NAME = "$(TARGET_NAME)";
				SWIFT_EMIT_LOC_STRINGS = NO;
				SWIFT_VERSION = 5.0;
				TARGETED_DEVICE_FAMILY = "1,2";
				TEST_TARGET_NAME = GameKitSolitaire;
			};
			name = Release;
		};
/* End XCBuildConfiguration section */

/* Begin XCConfigurationList section */
		3C47E13F2D931463008041D9 /* Build configuration list for PBXProject "GameKitSolitaire" */ = {
			isa = XCConfigurationList;
			buildConfigurations = (
				3C47E1662D931466008041D9 /* Debug */,
				3C47E1672D931466008041D9 /* Release */,
			);
			defaultConfigurationIsVisible = 0;
			defaultConfigurationName = Release;
		};
		3C47E1682D931466008041D9 /* Build configuration list for PBXNativeTarget "GameKitSolitaire" */ = {
			isa = XCConfigurationList;
			buildConfigurations = (
				3C47E1692D931466008041D9 /* Debug */,
				3C47E16A2D931466008041D9 /* Release */,
			);
			defaultConfigurationIsVisible = 0;
			defaultConfigurationName = Release;
		};
		3C47E16B2D931466008041D9 /* Build configuration list for PBXNativeTarget "GameKitSolitaireTests" */ = {
			isa = XCConfigurationList;
			buildConfigurations = (
				3C47E16C2D931466008041D9 /* Debug */,
				3C47E16D2D931466008041D9 /* Release */,
			);
			defaultConfigurationIsVisible = 0;
			defaultConfigurationName = Release;
		};
		3C47E16E2D931466008041D9 /* Build configuration list for PBXNativeTarget "GameKitSolitaireUITests" */ = {
			isa = XCConfigurationList;
			buildConfigurations = (
				3C47E16F2D931466008041D9 /* Debug */,
				3C47E1702D931466008041D9 /* Release */,
			);
			defaultConfigurationIsVisible = 0;
			defaultConfigurationName = Release;
		};
/* End XCConfigurationList section */
	};
	rootObject = 3C47E13C2D931463008041D9 /* Project object */;
}
